
Microsoft Visual Studio Solution File, Format Version 12.00
# Visual Studio Version 17
VisualStudioVersion = 17.10.34928.147
MinimumVisualStudioVersion = 10.0.40219.1
Project("{FAE04EC0-301F-11D3-BF4B-00C04F79EFBC}") = "TaskManagement", "TaskManagement\TaskManagement.csproj", "{98877BCD-4A77-46C4-B0E7-AFFB7B0A9390}"
EndProject
Global
	GlobalSection(SolutionConfigurationPlatforms) = preSolution
		Debug|Any CPU = Debug|Any CPU
		Release|Any CPU = Release|Any CPU
	EndGlobalSection
	GlobalSection(ProjectConfigurationPlatforms) = postSolution
		{98877BCD-4A77-46C4-B0E7-AFFB7B0A9390}.Debug|Any CPU.ActiveCfg = Debug|Any CPU
		{98877BCD-4A77-46C4-B0E7-AFFB7B0A9390}.Debug|Any CPU.Build.0 = Debug|Any CPU
		{98877BCD-4A77-46C4-B0E7-AFFB7B0A9390}.Release|Any CPU.ActiveCfg = Release|Any CPU
		{98877BCD-4A77-46C4-B0E7-AFFB7B0A9390}.Release|Any CPU.Build.0 = Release|Any CPU
	EndGlobalSection
	GlobalSection(SolutionProperties) = preSolution
		HideSolutionNode = FALSE
	EndGlobalSection
	GlobalSection(ExtensibilityGlobals) = postSolution
		SolutionGuid = {B083790D-1BEC-4378-821E-5422D0F1CA5D}
	EndGlobalSection
EndGlobal
